
Microsoft Visual Studio Solution File, Format Version 11.00
# Visual Studio 2010
Project("{FAE04EC0-301F-11D3-BF4B-00C04F79EFBC}") = "3D", "Assembly-CSharp.csproj", "{8BD133AA-96FC-03E1-C1AC-FD63C8D749AB}"
EndProject
Project("{FAE04EC0-301F-11D3-BF4B-00C04F79EFBC}") = "3D", "Assembly-CSharp-firstpass.csproj", "{92DF86BB-6EC6-3F59-A875-81E1BB744AD8}"
EndProject
Project("{FAE04EC0-301F-11D3-BF4B-00C04F79EFBC}") = "3D", "Assembly-CSharp-Editor-firstpass.csproj", "{C07FC219-75D9-DE8E-A12B-ED1B41CD6824}"
EndProject
Project("{FAE04EC0-301F-11D3-BF4B-00C04F79EFBC}") = "3D", "Assembly-CSharp-Editor.csproj", "{C7A19D5E-08D2-4336-A706-1725D855D9B5}"
EndProject
Global
	GlobalSection(SolutionConfigurationPlatforms) = preSolution
		Debug|Any CPU = Debug|Any CPU
		Release|Any CPU = Release|Any CPU
	EndGlobalSection
	GlobalSection(ProjectConfigurationPlatforms) = postSolution
		{8BD133AA-96FC-03E1-C1AC-FD63C8D749AB}.Debug|Any CPU.ActiveCfg = Debug|Any CPU
		{8BD133AA-96FC-03E1-C1AC-FD63C8D749AB}.Debug|Any CPU.Build.0 = Debug|Any CPU
		{8BD133AA-96FC-03E1-C1AC-FD63C8D749AB}.Release|Any CPU.ActiveCfg = Release|Any CPU
		{8BD133AA-96FC-03E1-C1AC-FD63C8D749AB}.Release|Any CPU.Build.0 = Release|Any CPU
		{92DF86BB-6EC6-3F59-A875-81E1BB744AD8}.Debug|Any CPU.ActiveCfg = Debug|Any CPU
		{92DF86BB-6EC6-3F59-A875-81E1BB744AD8}.Debug|Any CPU.Build.0 = Debug|Any CPU
		{92DF86BB-6EC6-3F59-A875-81E1BB744AD8}.Release|Any CPU.ActiveCfg = Release|Any CPU
		{92DF86BB-6EC6-3F59-A875-81E1BB744AD8}.Release|Any CPU.Build.0 = Release|Any CPU
		{C07FC219-75D9-DE8E-A12B-ED1B41CD6824}.Debug|Any CPU.ActiveCfg = Debug|Any CPU
		{C07FC219-75D9-DE8E-A12B-ED1B41CD6824}.Debug|Any CPU.Build.0 = Debug|Any CPU
		{C07FC219-75D9-DE8E-A12B-ED1B41CD6824}.Release|Any CPU.ActiveCfg = Release|Any CPU
		{C07FC219-75D9-DE8E-A12B-ED1B41CD6824}.Release|Any CPU.Build.0 = Release|Any CPU
		{C7A19D5E-08D2-4336-A706-1725D855D9B5}.Debug|Any CPU.ActiveCfg = Debug|Any CPU
		{C7A19D5E-08D2-4336-A706-1725D855D9B5}.Debug|Any CPU.Build.0 = Debug|Any CPU
		{C7A19D5E-08D2-4336-A706-1725D855D9B5}.Release|Any CPU.ActiveCfg = Release|Any CPU
		{C7A19D5E-08D2-4336-A706-1725D855D9B5}.Release|Any CPU.Build.0 = Release|Any CPU
	EndGlobalSection
	GlobalSection(SolutionProperties) = preSolution
		HideSolutionNode = FALSE
	EndGlobalSection
	GlobalSection(MonoDevelopProperties) = preSolution
		StartupItem = Assembly-CSharp.csproj
	EndGlobalSection
EndGlobal
